
Microsoft Visual Studio Solution File, Format Version 12.00
# Visual Studio Version 16
VisualStudioVersion = 16.0.30413.136
MinimumVisualStudioVersion = 10.0.40219.1
Project("{FAE04EC0-301F-11D3-BF4B-00C04F79EFBC}") = "DamageElectroShock", "DamageElectroShock.csproj", "{A18FF028-2AA3-4A65-912E-525D567BAA39}"
EndProject
Global
	GlobalSection(SolutionConfigurationPlatforms) = preSolution
		Debug|Any CPU = Debug|Any CPU
		Release|Any CPU = Release|Any CPU
	EndGlobalSection
	GlobalSection(ProjectConfigurationPlatforms) = postSolution
		{A18FF028-2AA3-4A65-912E-525D567BAA39}.Debug|Any CPU.ActiveCfg = Debug|Any CPU
		{A18FF028-2AA3-4A65-912E-525D567BAA39}.Debug|Any CPU.Build.0 = Debug|Any CPU
		{A18FF028-2AA3-4A65-912E-525D567BAA39}.Release|Any CPU.ActiveCfg = Release|Any CPU
		{A18FF028-2AA3-4A65-912E-525D567BAA39}.Release|Any CPU.Build.0 = Release|Any CPU
	EndGlobalSection
	GlobalSection(SolutionProperties) = preSolution
		HideSolutionNode = FALSE
	EndGlobalSection
	GlobalSection(ExtensibilityGlobals) = postSolution
		SolutionGuid = {D1750018-D618-4BB8-8D97-2C9FD087F23B}
	EndGlobalSection
EndGlobal
